
Microsoft Visual Studio Solution File, Format Version 12.00
# Visual Studio Version 16
VisualStudioVersion = 16.0.31105.61
MinimumVisualStudioVersion = 10.0.40219.1
Project("{FAE04EC0-301F-11D3-BF4B-00C04F79EFBC}") = "AdminPersona", "AdminPersona\AdminPersona.csproj", "{5305807A-7C80-4547-9C92-2AC572CAA0B6}"
EndProject
Global
	GlobalSection(SolutionConfigurationPlatforms) = preSolution
		Debug|Any CPU = Debug|Any CPU
		Release|Any CPU = Release|Any CPU
	EndGlobalSection
	GlobalSection(ProjectConfigurationPlatforms) = postSolution
		{5305807A-7C80-4547-9C92-2AC572CAA0B6}.Debug|Any CPU.ActiveCfg = Debug|Any CPU
		{5305807A-7C80-4547-9C92-2AC572CAA0B6}.Debug|Any CPU.Build.0 = Debug|Any CPU
		{5305807A-7C80-4547-9C92-2AC572CAA0B6}.Release|Any CPU.ActiveCfg = Release|Any CPU
		{5305807A-7C80-4547-9C92-2AC572CAA0B6}.Release|Any CPU.Build.0 = Release|Any CPU
	EndGlobalSection
	GlobalSection(SolutionProperties) = preSolution
		HideSolutionNode = FALSE
	EndGlobalSection
	GlobalSection(ExtensibilityGlobals) = postSolution
		SolutionGuid = {6521809F-7567-4115-85D3-5C0EA6716C16}
	EndGlobalSection
EndGlobal
